# This is a Gradle generated file for dependency locking.
# Manual edits can break the build and are not advised.
# This file is expected to be part of source control.
aopalliance:aopalliance:1.0
asm:asm:3.1
com.fasterxml.jackson.core:jackson-annotations:2.9.0
com.fasterxml.jackson.core:jackson-core:2.9.7
com.fasterxml.jackson.core:jackson-databind:2.9.7
com.fasterxml.jackson.module:jackson-module-afterburner:2.9.7
com.fasterxml.uuid:java-uuid-generator:3.1.5
com.google.code.findbugs:jsr305:3.0.2
com.google.code.gson:gson:2.5
com.google.errorprone:error_prone_annotations:2.1.3
com.google.guava:guava:26.0-jre
com.google.inject.extensions:guice-assistedinject:3.0
com.google.inject.extensions:guice-multibindings:3.0
com.google.inject:guice:3.0
com.google.j2objc:j2objc-annotations:1.1
com.hierynomus:sshj:0.20.0
com.jamesmurty.utils:java-xmlbuilder:1.1
com.jcraft:jsch.agentproxy.connector-factory:0.0.9
com.jcraft:jsch.agentproxy.core:0.0.9
com.jcraft:jsch.agentproxy.pageant:0.0.9
com.jcraft:jsch.agentproxy.sshagent:0.0.9
com.jcraft:jsch.agentproxy.sshj:0.0.9
com.jcraft:jsch.agentproxy.usocket-jna:0.0.9
com.jcraft:jsch.agentproxy.usocket-nc:0.0.9
com.jcraft:jzlib:1.1.3
com.samskivert:jmustache:1.14
com.squareup.okhttp:okhttp:2.2.0
com.squareup.okio:okio:1.2.0
commons-io:commons-io:2.6
javax.annotation:jsr250-api:1.0
javax.inject:javax.inject:1
javax.ws.rs:javax.ws.rs-api:2.0.1
net.i2p.crypto:eddsa:0.1.0
net.iharder:base64:2.3.8
net.java.dev.jna:jna-platform:4.1.0
net.java.dev.jna:jna:4.1.0
org.apache.commons:commons-lang3:3.8.1
org.apache.jclouds.api:atmos:2.1.1
org.apache.jclouds.api:byon:2.1.1
org.apache.jclouds.api:chef:2.1.1
org.apache.jclouds.api:cloudstack:2.1.1
org.apache.jclouds.api:cloudwatch:2.1.1
org.apache.jclouds.api:docker:2.1.1
org.apache.jclouds.api:ec2:2.1.1
org.apache.jclouds.api:elasticstack:2.1.1
org.apache.jclouds.api:oauth:2.1.1
org.apache.jclouds.api:openstack-cinder:2.1.1
org.apache.jclouds.api:openstack-keystone:2.1.1
org.apache.jclouds.api:openstack-neutron:2.1.1
org.apache.jclouds.api:openstack-nova-ec2:2.1.1
org.apache.jclouds.api:openstack-nova:2.1.1
org.apache.jclouds.api:openstack-swift:2.1.1
org.apache.jclouds.api:openstack-trove:2.1.1
org.apache.jclouds.api:rackspace-clouddns:2.1.1
org.apache.jclouds.api:rackspace-cloudfiles:2.1.1
org.apache.jclouds.api:rackspace-cloudidentity:2.1.1
org.apache.jclouds.api:rackspace-cloudloadbalancers:2.1.1
org.apache.jclouds.api:route53:2.1.1
org.apache.jclouds.api:s3:2.1.1
org.apache.jclouds.api:sqs:2.1.1
org.apache.jclouds.api:sts:2.1.1
org.apache.jclouds.common:googlecloud:2.1.1
org.apache.jclouds.driver:jclouds-bouncycastle:2.1.1
org.apache.jclouds.driver:jclouds-okhttp:2.1.1
org.apache.jclouds.driver:jclouds-slf4j:2.1.1
org.apache.jclouds.driver:jclouds-sshj:2.1.1
org.apache.jclouds.provider:aws-cloudwatch:2.1.1
org.apache.jclouds.provider:aws-ec2:2.1.1
org.apache.jclouds.provider:aws-route53:2.1.1
org.apache.jclouds.provider:aws-s3:2.1.1
org.apache.jclouds.provider:aws-sqs:2.1.1
org.apache.jclouds.provider:aws-sts:2.1.1
org.apache.jclouds.provider:azureblob:2.1.1
org.apache.jclouds.provider:azurecompute-arm:2.1.1
org.apache.jclouds.provider:b2:2.1.1
org.apache.jclouds.provider:digitalocean2:2.1.1
org.apache.jclouds.provider:dynect:2.1.1
org.apache.jclouds.provider:elastichosts-lon-b:2.1.1
org.apache.jclouds.provider:elastichosts-lon-p:2.1.1
org.apache.jclouds.provider:elastichosts-sat-p:2.1.1
org.apache.jclouds.provider:go2cloud-jhb1:2.1.1
org.apache.jclouds.provider:gogrid:2.1.1
org.apache.jclouds.provider:google-cloud-storage:2.1.1
org.apache.jclouds.provider:google-compute-engine:2.1.1
org.apache.jclouds.provider:openhosting-east1:2.1.1
org.apache.jclouds.provider:packet:2.1.1
org.apache.jclouds.provider:profitbricks:2.1.1
org.apache.jclouds.provider:rackspace-cloudblockstorage-uk:2.1.1
org.apache.jclouds.provider:rackspace-cloudblockstorage-us:2.1.1
org.apache.jclouds.provider:rackspace-clouddatabases-uk:2.1.1
org.apache.jclouds.provider:rackspace-clouddatabases-us:2.1.1
org.apache.jclouds.provider:rackspace-clouddns-uk:2.1.1
org.apache.jclouds.provider:rackspace-clouddns-us:2.1.1
org.apache.jclouds.provider:rackspace-cloudfiles-uk:2.1.1
org.apache.jclouds.provider:rackspace-cloudfiles-us:2.1.1
org.apache.jclouds.provider:rackspace-cloudloadbalancers-uk:2.1.1
org.apache.jclouds.provider:rackspace-cloudloadbalancers-us:2.1.1
org.apache.jclouds.provider:rackspace-cloudservers-uk:2.1.1
org.apache.jclouds.provider:rackspace-cloudservers-us:2.1.1
org.apache.jclouds.provider:serverlove-z1-man:2.1.1
org.apache.jclouds.provider:skalicloud-sdg-my:2.1.1
org.apache.jclouds.provider:softlayer:2.1.1
org.apache.jclouds.provider:ultradns-ws:2.1.1
org.apache.jclouds:jclouds-all:2.1.1
org.apache.jclouds:jclouds-allblobstore:2.1.1
org.apache.jclouds:jclouds-allcompute:2.1.1
org.apache.jclouds:jclouds-allloadbalancer:2.1.1
org.apache.jclouds:jclouds-blobstore:2.1.1
org.apache.jclouds:jclouds-compute:2.1.1
org.apache.jclouds:jclouds-core:2.1.1
org.apache.jclouds:jclouds-loadbalancer:2.1.1
org.apache.jclouds:jclouds-scriptbuilder:2.1.1
org.bouncycastle:bcpkix-jdk15on:1.51
org.bouncycastle:bcprov-ext-jdk15on:1.51
org.checkerframework:checker-qual:2.5.2
org.codehaus.mojo:animal-sniffer-annotations:1.14
org.sonatype.sisu.inject:cglib:2.2.1-v20090111
org.tukaani:xz:1.6
org.yaml:snakeyaml:1.17
org.ysb33r.gradle:grolifant:0.9
